
[[package]]
name = "tela"
version = "0.1.0"
source = "path"
package_root = "/Users/ianzepp/work/faberlang/worktrees/hand-1/tela"
kind = "lib"
target_language = "ts"
target_triple = "browser"
target_manifest = ""
interface_root = "/Users/ianzepp/work/faberlang/worktrees/hand-1/tela/src"
artifact = ""
crate = "tela"
rustc = ""

[[package]]
name = "triga"
version = "0.1.0"
source = "path"
package_root = "/Users/ianzepp/work/faberlang/worktrees/hand-1/triga"
kind = "lib"
target_language = "ts"
target_triple = "browser"
target_manifest = ""
interface_root = "/Users/ianzepp/work/faberlang/worktrees/hand-1/triga/src"
artifact = ""
crate = "triga"
rustc = ""
